// !$*UTF8*$!
{
	archiveVersion = 1;
	classes = {
	};
	objectVersion = 55;
	objects = {

/* Begin PBXBuildFile section */
		456BA357288B5DED006AE9A4 /* ViewState.swift in Sources */ = {isa = PBXBuildFile; fileRef = 456BA356288B5DED006AE9A4 /* ViewState.swift */; };
		456BA35A288B5F3A006AE9A4 /* ProgressShapeLayer.swift in Sources */ = {isa = PBXBuildFile; fileRef = 456BA359288B5F39006AE9A4 /* ProgressShapeLayer.swift */; };
		456BA35C288B5F48006AE9A4 /* ProgressView.swift in Sources */ = {isa = PBXBuildFile; fileRef = 456BA35B288B5F48006AE9A4 /* ProgressView.swift */; };
		456BA35E288B5F57006AE9A4 /* RotationAnimation.swift in Sources */ = {isa = PBXBuildFile; fileRef = 456BA35D288B5F57006AE9A4 /* RotationAnimation.swift */; };
		456BA360288B5F68006AE9A4 /* StrokeAnimation.swift in Sources */ = {isa = PBXBuildFile; fileRef = 456BA35F288B5F68006AE9A4 /* StrokeAnimation.swift */; };
		456BA362288B5F78006AE9A4 /* StrokeColorAnimation.swift in Sources */ = {isa = PBXBuildFile; fileRef = 456BA361288B5F78006AE9A4 /* StrokeColorAnimation.swift */; };
		456BA365288B6126006AE9A4 /* UIView+Extension.swift in Sources */ = {isa = PBXBuildFile; fileRef = 456BA364288B6126006AE9A4 /* UIView+Extension.swift */; };
		456BA367288B6251006AE9A4 /* LoadingView.swift in Sources */ = {isa = PBXBuildFile; fileRef = 456BA366288B6251006AE9A4 /* LoadingView.swift */; };
		457071D82890B8360033BEB6 /* String+Extension.swift in Sources */ = {isa = PBXBuildFile; fileRef = 457071D72890B8360033BEB6 /* String+Extension.swift */; };
		457071DA2890B8E00033BEB6 /* Date+Extension.swift in Sources */ = {isa = PBXBuildFile; fileRef = 457071D92890B8E00033BEB6 /* Date+Extension.swift */; };
		457071E12890CA8C0033BEB6 /* TestAds.json in Resources */ = {isa = PBXBuildFile; fileRef = 457071DD2890CA7F0033BEB6 /* TestAds.json */; };
		457071E22890CA8F0033BEB6 /* TestCategories.json in Resources */ = {isa = PBXBuildFile; fileRef = 457071DE2890CA7F0033BEB6 /* TestCategories.json */; };
		457071E42890CD780033BEB6 /* ClassifiedAdViewModelTests.swift in Sources */ = {isa = PBXBuildFile; fileRef = 457071E32890CD780033BEB6 /* ClassifiedAdViewModelTests.swift */; };
		4591D4F8288CB28F00C1B908 /* UIColor+Extensions.swift in Sources */ = {isa = PBXBuildFile; fileRef = 4591D4F7288CB28F00C1B908 /* UIColor+Extensions.swift */; };
		4591D4FA288CB71300C1B908 /* CellReusable.swift in Sources */ = {isa = PBXBuildFile; fileRef = 4591D4F9288CB71300C1B908 /* CellReusable.swift */; };
		4591D502288CD1AF00C1B908 /* ImageLoader.swift in Sources */ = {isa = PBXBuildFile; fileRef = 4591D501288CD1AF00C1B908 /* ImageLoader.swift */; };
		45AA7EED288E9F4700C41F17 /* FilterViewController.swift in Sources */ = {isa = PBXBuildFile; fileRef = 45AA7EEC288E9F4700C41F17 /* FilterViewController.swift */; };
		45AA7EEF288F6E7100C41F17 /* Constants.swift in Sources */ = {isa = PBXBuildFile; fileRef = 45AA7EEE288F6E7100C41F17 /* Constants.swift */; };
		45AA7EF2288F6F2A00C41F17 /* ClassifiedAdDetailViewController.swift in Sources */ = {isa = PBXBuildFile; fileRef = 45AA7EF1288F6F2A00C41F17 /* ClassifiedAdDetailViewController.swift */; };
		45AA7EF4288F6F9200C41F17 /* ClassifiedAdDetailViewModel.swift in Sources */ = {isa = PBXBuildFile; fileRef = 45AA7EF3288F6F9200C41F17 /* ClassifiedAdDetailViewModel.swift */; };
		45B540EA2885EBCE00DF6801 /* AppDelegate.swift in Sources */ = {isa = PBXBuildFile; fileRef = 45B540E92885EBCE00DF6801 /* AppDelegate.swift */; };
		45B540EC2885EBCE00DF6801 /* SceneDelegate.swift in Sources */ = {isa = PBXBuildFile; fileRef = 45B540EB2885EBCE00DF6801 /* SceneDelegate.swift */; };
		45B540F32885EBD000DF6801 /* Assets.xcassets in Resources */ = {isa = PBXBuildFile; fileRef = 45B540F22885EBD000DF6801 /* Assets.xcassets */; };
		45B540F62885EBD000DF6801 /* LaunchScreen.storyboard in Resources */ = {isa = PBXBuildFile; fileRef = 45B540F42885EBD000DF6801 /* LaunchScreen.storyboard */; };
		45B541012885EBD100DF6801 /* ClassifiedAdsTests.swift in Sources */ = {isa = PBXBuildFile; fileRef = 45B541002885EBD100DF6801 /* ClassifiedAdsTests.swift */; };
		45B5410B2885EBD100DF6801 /* ClassifiedAdsUITests.swift in Sources */ = {isa = PBXBuildFile; fileRef = 45B5410A2885EBD100DF6801 /* ClassifiedAdsUITests.swift */; };
		45B5410D2885EBD100DF6801 /* ClassifiedAdsUITestsLaunchTests.swift in Sources */ = {isa = PBXBuildFile; fileRef = 45B5410C2885EBD100DF6801 /* ClassifiedAdsUITestsLaunchTests.swift */; };
		45B541202885F5F000DF6801 /* ClassifiedAd.swift in Sources */ = {isa = PBXBuildFile; fileRef = 45B5411F2885F5F000DF6801 /* ClassifiedAd.swift */; };
		45B541222885F85800DF6801 /* ImagesURL.swift in Sources */ = {isa = PBXBuildFile; fileRef = 45B541212885F85800DF6801 /* ImagesURL.swift */; };
		45B541242885F87000DF6801 /* Category.swift in Sources */ = {isa = PBXBuildFile; fileRef = 45B541232885F87000DF6801 /* Category.swift */; };
		45BDA8F3288B0A2F0062CB08 /* ClassifiedAdEndpoint.swift in Sources */ = {isa = PBXBuildFile; fileRef = 45BDA8F2288B0A2F0062CB08 /* ClassifiedAdEndpoint.swift */; };
		45BDA8F5288B0BA10062CB08 /* ClassifiedAdAPIServiceProtocol.swift in Sources */ = {isa = PBXBuildFile; fileRef = 45BDA8F4288B0BA10062CB08 /* ClassifiedAdAPIServiceProtocol.swift */; };
		45BDA8F7288B0C680062CB08 /* Coordinator.swift in Sources */ = {isa = PBXBuildFile; fileRef = 45BDA8F6288B0C680062CB08 /* Coordinator.swift */; };
		45BDA8F9288B0D070062CB08 /* MainCoordinator.swift in Sources */ = {isa = PBXBuildFile; fileRef = 45BDA8F8288B0D070062CB08 /* MainCoordinator.swift */; };
		45BDA8FC288B0D650062CB08 /* ClassifiedAdViewModel.swift in Sources */ = {isa = PBXBuildFile; fileRef = 45BDA8FB288B0D650062CB08 /* ClassifiedAdViewModel.swift */; };
		45BDA8FE288B0D730062CB08 /* ClassifiedAdViewController.swift in Sources */ = {isa = PBXBuildFile; fileRef = 45BDA8FD288B0D730062CB08 /* ClassifiedAdViewController.swift */; };
		45BDA900288B0D830062CB08 /* ClassifiedAdTableViewCell.swift in Sources */ = {isa = PBXBuildFile; fileRef = 45BDA8FF288B0D830062CB08 /* ClassifiedAdTableViewCell.swift */; };
		45BDA903288B0DFC0062CB08 /* ClassifiedAdDataRepository.swift in Sources */ = {isa = PBXBuildFile; fileRef = 45BDA902288B0DFC0062CB08 /* ClassifiedAdDataRepository.swift */; };
		45D2A71E2888794700F178DA /* Endpoint.swift in Sources */ = {isa = PBXBuildFile; fileRef = 45D2A71D2888794700F178DA /* Endpoint.swift */; };
		45D2A72028887C8E00F178DA /* APIClient.swift in Sources */ = {isa = PBXBuildFile; fileRef = 45D2A71F28887C8E00F178DA /* APIClient.swift */; };
		45D2A72728888A5B00F178DA /* ClassifiedAdRepository.swift in Sources */ = {isa = PBXBuildFile; fileRef = 45D2A72628888A5B00F178DA /* ClassifiedAdRepository.swift */; };
		45D2A72928888B0A00F178DA /* FetchItemsUseCase.swift in Sources */ = {isa = PBXBuildFile; fileRef = 45D2A72828888B0A00F178DA /* FetchItemsUseCase.swift */; };
		45D2A72B28888B1600F178DA /* FetchCategoryUseCase.swift in Sources */ = {isa = PBXBuildFile; fileRef = 45D2A72A28888B1600F178DA /* FetchCategoryUseCase.swift */; };
/* End PBXBuildFile section */

/* Begin PBXContainerItemProxy section */
		45B540FD2885EBD100DF6801 /* PBXContainerItemProxy */ = {
			isa = PBXContainerItemProxy;
			containerPortal = 45B540DE2885EBCE00DF6801 /* Project object */;
			proxyType = 1;
			remoteGlobalIDString = 45B540E52885EBCE00DF6801;
			remoteInfo = ClassifiedAds;
		};
		45B541072885EBD100DF6801 /* PBXContainerItemProxy */ = {
			isa = PBXContainerItemProxy;
			containerPortal = 45B540DE2885EBCE00DF6801 /* Project object */;
			proxyType = 1;
			remoteGlobalIDString = 45B540E52885EBCE00DF6801;
			remoteInfo = ClassifiedAds;
		};
/* End PBXContainerItemProxy section */

/* Begin PBXFileReference section */
		456BA356288B5DED006AE9A4 /* ViewState.swift */ = {isa = PBXFileReference; lastKnownFileType = sourcecode.swift; path = ViewState.swift; sourceTree = "<group>"; };
		456BA359288B5F39006AE9A4 /* ProgressShapeLayer.swift */ = {isa = PBXFileReference; lastKnownFileType = sourcecode.swift; path = ProgressShapeLayer.swift; sourceTree = "<group>"; };
		456BA35B288B5F48006AE9A4 /* ProgressView.swift */ = {isa = PBXFileReference; lastKnownFileType = sourcecode.swift; path = ProgressView.swift; sourceTree = "<group>"; };
		456BA35D288B5F57006AE9A4 /* RotationAnimation.swift */ = {isa = PBXFileReference; lastKnownFileType = sourcecode.swift; path = RotationAnimation.swift; sourceTree = "<group>"; };
		456BA35F288B5F68006AE9A4 /* StrokeAnimation.swift */ = {isa = PBXFileReference; lastKnownFileType = sourcecode.swift; path = StrokeAnimation.swift; sourceTree = "<group>"; };
		456BA361288B5F78006AE9A4 /* StrokeColorAnimation.swift */ = {isa = PBXFileReference; lastKnownFileType = sourcecode.swift; path = StrokeColorAnimation.swift; sourceTree = "<group>"; };
		456BA364288B6126006AE9A4 /* UIView+Extension.swift */ = {isa = PBXFileReference; lastKnownFileType = sourcecode.swift; path = "UIView+Extension.swift"; sourceTree = "<group>"; };
		456BA366288B6251006AE9A4 /* LoadingView.swift */ = {isa = PBXFileReference; lastKnownFileType = sourcecode.swift; path = LoadingView.swift; sourceTree = "<group>"; };
		457071D72890B8360033BEB6 /* String+Extension.swift */ = {isa = PBXFileReference; lastKnownFileType = sourcecode.swift; path = "String+Extension.swift"; sourceTree = "<group>"; };
		457071D92890B8E00033BEB6 /* Date+Extension.swift */ = {isa = PBXFileReference; lastKnownFileType = sourcecode.swift; path = "Date+Extension.swift"; sourceTree = "<group>"; };
		457071DD2890CA7F0033BEB6 /* TestAds.json */ = {isa = PBXFileReference; fileEncoding = 4; lastKnownFileType = text.json; path = TestAds.json; sourceTree = "<group>"; };
		457071DE2890CA7F0033BEB6 /* TestCategories.json */ = {isa = PBXFileReference; fileEncoding = 4; lastKnownFileType = text.json; path = TestCategories.json; sourceTree = "<group>"; };
		457071E32890CD780033BEB6 /* ClassifiedAdViewModelTests.swift */ = {isa = PBXFileReference; lastKnownFileType = sourcecode.swift; path = ClassifiedAdViewModelTests.swift; sourceTree = "<group>"; };
		4591D4F7288CB28F00C1B908 /* UIColor+Extensions.swift */ = {isa = PBXFileReference; lastKnownFileType = sourcecode.swift; path = "UIColor+Extensions.swift"; sourceTree = "<group>"; };
		4591D4F9288CB71300C1B908 /* CellReusable.swift */ = {isa = PBXFileReference; lastKnownFileType = sourcecode.swift; path = CellReusable.swift; sourceTree = "<group>"; };
		4591D501288CD1AF00C1B908 /* ImageLoader.swift */ = {isa = PBXFileReference; lastKnownFileType = sourcecode.swift; path = ImageLoader.swift; sourceTree = "<group>"; };
		45AA7EEC288E9F4700C41F17 /* FilterViewController.swift */ = {isa = PBXFileReference; lastKnownFileType = sourcecode.swift; path = FilterViewController.swift; sourceTree = "<group>"; };
		45AA7EEE288F6E7100C41F17 /* Constants.swift */ = {isa = PBXFileReference; lastKnownFileType = sourcecode.swift; path = Constants.swift; sourceTree = "<group>"; };
		45AA7EF1288F6F2A00C41F17 /* ClassifiedAdDetailViewController.swift */ = {isa = PBXFileReference; lastKnownFileType = sourcecode.swift; path = ClassifiedAdDetailViewController.swift; sourceTree = "<group>"; };
		45AA7EF3288F6F9200C41F17 /* ClassifiedAdDetailViewModel.swift */ = {isa = PBXFileReference; lastKnownFileType = sourcecode.swift; path = ClassifiedAdDetailViewModel.swift; sourceTree = "<group>"; };
		45B540E62885EBCE00DF6801 /* ClassifiedAds.app */ = {isa = PBXFileReference; explicitFileType = wrapper.application; includeInIndex = 0; path = ClassifiedAds.app; sourceTree = BUILT_PRODUCTS_DIR; };
		45B540E92885EBCE00DF6801 /* AppDelegate.swift */ = {isa = PBXFileReference; lastKnownFileType = sourcecode.swift; path = AppDelegate.swift; sourceTree = "<group>"; };
		45B540EB2885EBCE00DF6801 /* SceneDelegate.swift */ = {isa = PBXFileReference; lastKnownFileType = sourcecode.swift; path = SceneDelegate.swift; sourceTree = "<group>"; };
		45B540F22885EBD000DF6801 /* Assets.xcassets */ = {isa = PBXFileReference; lastKnownFileType = folder.assetcatalog; path = Assets.xcassets; sourceTree = "<group>"; };
		45B540F52885EBD000DF6801 /* Base */ = {isa = PBXFileReference; lastKnownFileType = file.storyboard; name = Base; path = Base.lproj/LaunchScreen.storyboard; sourceTree = "<group>"; };
		45B540F72885EBD000DF6801 /* Info.plist */ = {isa = PBXFileReference; lastKnownFileType = text.plist.xml; path = Info.plist; sourceTree = "<group>"; };
		45B540FC2885EBD100DF6801 /* ClassifiedAdsTests.xctest */ = {isa = PBXFileReference; explicitFileType = wrapper.cfbundle; includeInIndex = 0; path = ClassifiedAdsTests.xctest; sourceTree = BUILT_PRODUCTS_DIR; };
		45B541002885EBD100DF6801 /* ClassifiedAdsTests.swift */ = {isa = PBXFileReference; lastKnownFileType = sourcecode.swift; path = ClassifiedAdsTests.swift; sourceTree = "<group>"; };
		45B541062885EBD100DF6801 /* ClassifiedAdsUITests.xctest */ = {isa = PBXFileReference; explicitFileType = wrapper.cfbundle; includeInIndex = 0; path = ClassifiedAdsUITests.xctest; sourceTree = BUILT_PRODUCTS_DIR; };
		45B5410A2885EBD100DF6801 /* ClassifiedAdsUITests.swift */ = {isa = PBXFileReference; lastKnownFileType = sourcecode.swift; path = ClassifiedAdsUITests.swift; sourceTree = "<group>"; };
		45B5410C2885EBD100DF6801 /* ClassifiedAdsUITestsLaunchTests.swift */ = {isa = PBXFileReference; lastKnownFileType = sourcecode.swift; path = ClassifiedAdsUITestsLaunchTests.swift; sourceTree = "<group>"; };
		45B5411F2885F5F000DF6801 /* ClassifiedAd.swift */ = {isa = PBXFileReference; lastKnownFileType = sourcecode.swift; path = ClassifiedAd.swift; sourceTree = "<group>"; };
		45B541212885F85800DF6801 /* ImagesURL.swift */ = {isa = PBXFileReference; lastKnownFileType = sourcecode.swift; path = ImagesURL.swift; sourceTree = "<group>"; };
		45B541232885F87000DF6801 /* Category.swift */ = {isa = PBXFileReference; lastKnownFileType = sourcecode.swift; path = Category.swift; sourceTree = "<group>"; };
		45BDA8F2288B0A2F0062CB08 /* ClassifiedAdEndpoint.swift */ = {isa = PBXFileReference; lastKnownFileType = sourcecode.swift; path = ClassifiedAdEndpoint.swift; sourceTree = "<group>"; };
		45BDA8F4288B0BA10062CB08 /* ClassifiedAdAPIServiceProtocol.swift */ = {isa = PBXFileReference; lastKnownFileType = sourcecode.swift; path = ClassifiedAdAPIServiceProtocol.swift; sourceTree = "<group>"; };
		45BDA8F6288B0C680062CB08 /* Coordinator.swift */ = {isa = PBXFileReference; lastKnownFileType = sourcecode.swift; path = Coordinator.swift; sourceTree = "<group>"; };
		45BDA8F8288B0D070062CB08 /* MainCoordinator.swift */ = {isa = PBXFileReference; lastKnownFileType = sourcecode.swift; path = MainCoordinator.swift; sourceTree = "<group>"; };
		45BDA8FB288B0D650062CB08 /* ClassifiedAdViewModel.swift */ = {isa = PBXFileReference; lastKnownFileType = sourcecode.swift; path = ClassifiedAdViewModel.swift; sourceTree = "<group>"; };
		45BDA8FD288B0D730062CB08 /* ClassifiedAdViewController.swift */ = {isa = PBXFileReference; lastKnownFileType = sourcecode.swift; path = ClassifiedAdViewController.swift; sourceTree = "<group>"; };
		45BDA8FF288B0D830062CB08 /* ClassifiedAdTableViewCell.swift */ = {isa = PBXFileReference; lastKnownFileType = sourcecode.swift; path = ClassifiedAdTableViewCell.swift; sourceTree = "<group>"; };
		45BDA902288B0DFC0062CB08 /* ClassifiedAdDataRepository.swift */ = {isa = PBXFileReference; lastKnownFileType = sourcecode.swift; path = ClassifiedAdDataRepository.swift; sourceTree = "<group>"; };
		45D2A71D2888794700F178DA /* Endpoint.swift */ = {isa = PBXFileReference; lastKnownFileType = sourcecode.swift; path = Endpoint.swift; sourceTree = "<group>"; };
		45D2A71F28887C8E00F178DA /* APIClient.swift */ = {isa = PBXFileReference; lastKnownFileType = sourcecode.swift; path = APIClient.swift; sourceTree = "<group>"; };
		45D2A72628888A5B00F178DA /* ClassifiedAdRepository.swift */ = {isa = PBXFileReference; lastKnownFileType = sourcecode.swift; path = ClassifiedAdRepository.swift; sourceTree = "<group>"; };
		45D2A72828888B0A00F178DA /* FetchItemsUseCase.swift */ = {isa = PBXFileReference; lastKnownFileType = sourcecode.swift; path = FetchItemsUseCase.swift; sourceTree = "<group>"; };
		45D2A72A28888B1600F178DA /* FetchCategoryUseCase.swift */ = {isa = PBXFileReference; lastKnownFileType = sourcecode.swift; path = FetchCategoryUseCase.swift; sourceTree = "<group>"; };
/* End PBXFileReference section */

/* Begin PBXFrameworksBuildPhase section */
		45B540E32885EBCE00DF6801 /* Frameworks */ = {
			isa = PBXFrameworksBuildPhase;
			buildActionMask = 2147483647;
			files = (
			);
			runOnlyForDeploymentPostprocessing = 0;
		};
		45B540F92885EBD100DF6801 /* Frameworks */ = {
			isa = PBXFrameworksBuildPhase;
			buildActionMask = 2147483647;
			files = (
			);
			runOnlyForDeploymentPostprocessing = 0;
		};
		45B541032885EBD100DF6801 /* Frameworks */ = {
			isa = PBXFrameworksBuildPhase;
			buildActionMask = 2147483647;
			files = (
			);
			runOnlyForDeploymentPostprocessing = 0;
		};
/* End PBXFrameworksBuildPhase section */

/* Begin PBXGroup section */
		456BA355288B5DDF006AE9A4 /* Common */ = {
			isa = PBXGroup;
			children = (
				456BA356288B5DED006AE9A4 /* ViewState.swift */,
				456BA366288B6251006AE9A4 /* LoadingView.swift */,
				4591D4F9288CB71300C1B908 /* CellReusable.swift */,
				45AA7EEE288F6E7100C41F17 /* Constants.swift */,
			);
			path = Common;
			sourceTree = "<group>";
		};
		456BA358288B5F1D006AE9A4 /* ProgressView */ = {
			isa = PBXGroup;
			children = (
				456BA359288B5F39006AE9A4 /* ProgressShapeLayer.swift */,
				456BA35B288B5F48006AE9A4 /* ProgressView.swift */,
				456BA35D288B5F57006AE9A4 /* RotationAnimation.swift */,
				456BA35F288B5F68006AE9A4 /* StrokeAnimation.swift */,
				456BA361288B5F78006AE9A4 /* StrokeColorAnimation.swift */,
			);
			path = ProgressView;
			sourceTree = "<group>";
		};
		456BA363288B6119006AE9A4 /* Extensions */ = {
			isa = PBXGroup;
			children = (
				4591D501288CD1AF00C1B908 /* ImageLoader.swift */,
				456BA364288B6126006AE9A4 /* UIView+Extension.swift */,
				4591D4F7288CB28F00C1B908 /* UIColor+Extensions.swift */,
				457071D72890B8360033BEB6 /* String+Extension.swift */,
				457071D92890B8E00033BEB6 /* Date+Extension.swift */,
			);
			path = Extensions;
			sourceTree = "<group>";
		};
		457071DC2890CA6F0033BEB6 /* Mock */ = {
			isa = PBXGroup;
			children = (
				457071DE2890CA7F0033BEB6 /* TestCategories.json */,
				457071DD2890CA7F0033BEB6 /* TestAds.json */,
			);
			path = Mock;
			sourceTree = "<group>";
		};
		45AA7EEB288E9B8600C41F17 /* Filter */ = {
			isa = PBXGroup;
			children = (
				45AA7EEC288E9F4700C41F17 /* FilterViewController.swift */,
			);
			path = Filter;
			sourceTree = "<group>";
		};
		45AA7EF0288F6F1900C41F17 /* Detail */ = {
			isa = PBXGroup;
			children = (
				45AA7EF1288F6F2A00C41F17 /* ClassifiedAdDetailViewController.swift */,
				45AA7EF3288F6F9200C41F17 /* ClassifiedAdDetailViewModel.swift */,
			);
			path = Detail;
			sourceTree = "<group>";
		};
		45B540DD2885EBCE00DF6801 = {
			isa = PBXGroup;
			children = (
				45B540E82885EBCE00DF6801 /* ClassifiedAds */,
				45B540FF2885EBD100DF6801 /* ClassifiedAdsTests */,
				45B541092885EBD100DF6801 /* ClassifiedAdsUITests */,
				45B540E72885EBCE00DF6801 /* Products */,
			);
			sourceTree = "<group>";
		};
		45B540E72885EBCE00DF6801 /* Products */ = {
			isa = PBXGroup;
			children = (
				45B540E62885EBCE00DF6801 /* ClassifiedAds.app */,
				45B540FC2885EBD100DF6801 /* ClassifiedAdsTests.xctest */,
				45B541062885EBD100DF6801 /* ClassifiedAdsUITests.xctest */,
			);
			name = Products;
			sourceTree = "<group>";
		};
		45B540E82885EBCE00DF6801 /* ClassifiedAds */ = {
			isa = PBXGroup;
			children = (
				45B5411E2885F09E00DF6801 /* App */,
				45D2A71B288878F600F178DA /* Domain */,
				45D2A719288878E600F178DA /* Presentation */,
				45D2A71A288878F000F178DA /* Data */,
				45D2A718288878DE00F178DA /* CoreService */,
				45D2A717288878D800F178DA /* Helpers */,
				45B540F22885EBD000DF6801 /* Assets.xcassets */,
				45B540F42885EBD000DF6801 /* LaunchScreen.storyboard */,
				45B540F72885EBD000DF6801 /* Info.plist */,
			);
			path = ClassifiedAds;
			sourceTree = "<group>";
		};
		45B540FF2885EBD100DF6801 /* ClassifiedAdsTests */ = {
			isa = PBXGroup;
			children = (
				45B541002885EBD100DF6801 /* ClassifiedAdsTests.swift */,
				457071E32890CD780033BEB6 /* ClassifiedAdViewModelTests.swift */,
			);
			path = ClassifiedAdsTests;
			sourceTree = "<group>";
		};
		45B541092885EBD100DF6801 /* ClassifiedAdsUITests */ = {
			isa = PBXGroup;
			children = (
				45B5410A2885EBD100DF6801 /* ClassifiedAdsUITests.swift */,
				45B5410C2885EBD100DF6801 /* ClassifiedAdsUITestsLaunchTests.swift */,
			);
			path = ClassifiedAdsUITests;
			sourceTree = "<group>";
		};
		45B5411E2885F09E00DF6801 /* App */ = {
			isa = PBXGroup;
			children = (
				45B540E92885EBCE00DF6801 /* AppDelegate.swift */,
				45B540EB2885EBCE00DF6801 /* SceneDelegate.swift */,
			);
			path = App;
			sourceTree = "<group>";
		};
		45BDA8F0288B09F40062CB08 /* Services */ = {
			isa = PBXGroup;
			children = (
				45BDA8F1288B0A080062CB08 /* ClassifiedAdAPI */,
			);
			path = Services;
			sourceTree = "<group>";
		};
		45BDA8F1288B0A080062CB08 /* ClassifiedAdAPI */ = {
			isa = PBXGroup;
			children = (
				45BDA8F2288B0A2F0062CB08 /* ClassifiedAdEndpoint.swift */,
				45BDA8F4288B0BA10062CB08 /* ClassifiedAdAPIServiceProtocol.swift */,
			);
			path = ClassifiedAdAPI;
			sourceTree = "<group>";
		};
		45BDA8FA288B0D4C0062CB08 /* ClassifiedAd */ = {
			isa = PBXGroup;
			children = (
				45BDA8FB288B0D650062CB08 /* ClassifiedAdViewModel.swift */,
				45BDA8FD288B0D730062CB08 /* ClassifiedAdViewController.swift */,
				45BDA8FF288B0D830062CB08 /* ClassifiedAdTableViewCell.swift */,
			);
			path = ClassifiedAd;
			sourceTree = "<group>";
		};
		45BDA901288B0DE20062CB08 /* Repository */ = {
			isa = PBXGroup;
			children = (
				45BDA902288B0DFC0062CB08 /* ClassifiedAdDataRepository.swift */,
			);
			path = Repository;
			sourceTree = "<group>";
		};
		45D2A717288878D800F178DA /* Helpers */ = {
			isa = PBXGroup;
			children = (
				456BA363288B6119006AE9A4 /* Extensions */,
				456BA358288B5F1D006AE9A4 /* ProgressView */,
				456BA355288B5DDF006AE9A4 /* Common */,
			);
			path = Helpers;
			sourceTree = "<group>";
		};
		45D2A718288878DE00F178DA /* CoreService */ = {
			isa = PBXGroup;
			children = (
				457071DC2890CA6F0033BEB6 /* Mock */,
				45D2A71C2888793700F178DA /* Network */,
			);
			path = CoreService;
			sourceTree = "<group>";
		};
		45D2A719288878E600F178DA /* Presentation */ = {
			isa = PBXGroup;
			children = (
				45AA7EF0288F6F1900C41F17 /* Detail */,
				45AA7EEB288E9B8600C41F17 /* Filter */,
				45BDA8FA288B0D4C0062CB08 /* ClassifiedAd */,
				45BDA8F6288B0C680062CB08 /* Coordinator.swift */,
				45BDA8F8288B0D070062CB08 /* MainCoordinator.swift */,
			);
			path = Presentation;
			sourceTree = "<group>";
		};
		45D2A71A288878F000F178DA /* Data */ = {
			isa = PBXGroup;
			children = (
				45BDA901288B0DE20062CB08 /* Repository */,
				45BDA8F0288B09F40062CB08 /* Services */,
			);
			path = Data;
			sourceTree = "<group>";
		};
		45D2A71B288878F600F178DA /* Domain */ = {
			isa = PBXGroup;
			children = (
				45D2A723288884A500F178DA /* Repository */,
				45D2A7222888849F00F178DA /* UseCases */,
				45D2A7212888849900F178DA /* Entities */,
			);
			path = Domain;
			sourceTree = "<group>";
		};
		45D2A71C2888793700F178DA /* Network */ = {
			isa = PBXGroup;
			children = (
				45D2A71D2888794700F178DA /* Endpoint.swift */,
				45D2A71F28887C8E00F178DA /* APIClient.swift */,
			);
			path = Network;
			sourceTree = "<group>";
		};
		45D2A7212888849900F178DA /* Entities */ = {
			isa = PBXGroup;
			children = (
				45B5411F2885F5F000DF6801 /* ClassifiedAd.swift */,
				45B541212885F85800DF6801 /* ImagesURL.swift */,
				45B541232885F87000DF6801 /* Category.swift */,
			);
			path = Entities;
			sourceTree = "<group>";
		};
		45D2A7222888849F00F178DA /* UseCases */ = {
			isa = PBXGroup;
			children = (
				45D2A72828888B0A00F178DA /* FetchItemsUseCase.swift */,
				45D2A72A28888B1600F178DA /* FetchCategoryUseCase.swift */,
			);
			path = UseCases;
			sourceTree = "<group>";
		};
		45D2A723288884A500F178DA /* Repository */ = {
			isa = PBXGroup;
			children = (
				45D2A72628888A5B00F178DA /* ClassifiedAdRepository.swift */,
			);
			path = Repository;
			sourceTree = "<group>";
		};
/* End PBXGroup section */

/* Begin PBXNativeTarget section */
		45B540E52885EBCE00DF6801 /* ClassifiedAds */ = {
			isa = PBXNativeTarget;
			buildConfigurationList = 45B541102885EBD100DF6801 /* Build configuration list for PBXNativeTarget "ClassifiedAds" */;
			buildPhases = (
				45B540E22885EBCE00DF6801 /* Sources */,
				45B540E32885EBCE00DF6801 /* Frameworks */,
				45B540E42885EBCE00DF6801 /* Resources */,
			);
			buildRules = (
			);
			dependencies = (
			);
			name = ClassifiedAds;
			productName = ClassifiedAds;
			productReference = 45B540E62885EBCE00DF6801 /* ClassifiedAds.app */;
			productType = "com.apple.product-type.application";
		};
		45B540FB2885EBD100DF6801 /* ClassifiedAdsTests */ = {
			isa = PBXNativeTarget;
			buildConfigurationList = 45B541132885EBD100DF6801 /* Build configuration list for PBXNativeTarget "ClassifiedAdsTests" */;
			buildPhases = (
				45B540F82885EBD100DF6801 /* Sources */,
				45B540F92885EBD100DF6801 /* Frameworks */,
				45B540FA2885EBD100DF6801 /* Resources */,
			);
			buildRules = (
			);
			dependencies = (
				45B540FE2885EBD100DF6801 /* PBXTargetDependency */,
			);
			name = ClassifiedAdsTests;
			productName = ClassifiedAdsTests;
			productReference = 45B540FC2885EBD100DF6801 /* ClassifiedAdsTests.xctest */;
			productType = "com.apple.product-type.bundle.unit-test";
		};
		45B541052885EBD100DF6801 /* ClassifiedAdsUITests */ = {
			isa = PBXNativeTarget;
			buildConfigurationList = 45B541162885EBD100DF6801 /* Build configuration list for PBXNativeTarget "ClassifiedAdsUITests" */;
			buildPhases = (
				45B541022885EBD100DF6801 /* Sources */,
				45B541032885EBD100DF6801 /* Frameworks */,
				45B541042885EBD100DF6801 /* Resources */,
			);
			buildRules = (
			);
			dependencies = (
				45B541082885EBD100DF6801 /* PBXTargetDependency */,
			);
			name = ClassifiedAdsUITests;
			productName = ClassifiedAdsUITests;
			productReference = 45B541062885EBD100DF6801 /* ClassifiedAdsUITests.xctest */;
			productType = "com.apple.product-type.bundle.ui-testing";
		};
/* End PBXNativeTarget section */

/* Begin PBXProject section */
		45B540DE2885EBCE00DF6801 /* Project object */ = {
			isa = PBXProject;
			attributes = {
				BuildIndependentTargetsInParallel = 1;
				LastSwiftUpdateCheck = 1340;
				LastUpgradeCheck = 1340;
				TargetAttributes = {
					45B540E52885EBCE00DF6801 = {
						CreatedOnToolsVersion = 13.4.1;
					};
					45B540FB2885EBD100DF6801 = {
						CreatedOnToolsVersion = 13.4.1;
						TestTargetID = 45B540E52885EBCE00DF6801;
					};
					45B541052885EBD100DF6801 = {
						CreatedOnToolsVersion = 13.4.1;
						TestTargetID = 45B540E52885EBCE00DF6801;
					};
				};
			};
			buildConfigurationList = 45B540E12885EBCE00DF6801 /* Build configuration list for PBXProject "ClassifiedAds" */;
			compatibilityVersion = "Xcode 13.0";
			developmentRegion = en;
			hasScannedForEncodings = 0;
			knownRegions = (
				en,
				Base,
			);
			mainGroup = 45B540DD2885EBCE00DF6801;
			productRefGroup = 45B540E72885EBCE00DF6801 /* Products */;
			projectDirPath = "";
			projectRoot = "";
			targets = (
				45B540E52885EBCE00DF6801 /* ClassifiedAds */,
				45B540FB2885EBD100DF6801 /* ClassifiedAdsTests */,
				45B541052885EBD100DF6801 /* ClassifiedAdsUITests */,
			);
		};
/* End PBXProject section */

/* Begin PBXResourcesBuildPhase section */
		45B540E42885EBCE00DF6801 /* Resources */ = {
			isa = PBXResourcesBuildPhase;
			buildActionMask = 2147483647;
			files = (
				45B540F62885EBD000DF6801 /* LaunchScreen.storyboard in Resources */,
				457071E22890CA8F0033BEB6 /* TestCategories.json in Resources */,
				457071E12890CA8C0033BEB6 /* TestAds.json in Resources */,
				45B540F32885EBD000DF6801 /* Assets.xcassets in Resources */,
			);
			runOnlyForDeploymentPostprocessing = 0;
		};
		45B540FA2885EBD100DF6801 /* Resources */ = {
			isa = PBXResourcesBuildPhase;
			buildActionMask = 2147483647;
			files = (
			);
			runOnlyForDeploymentPostprocessing = 0;
		};
		45B541042885EBD100DF6801 /* Resources */ = {
			isa = PBXResourcesBuildPhase;
			buildActionMask = 2147483647;
			files = (
			);
			runOnlyForDeploymentPostprocessing = 0;
		};
/* End PBXResourcesBuildPhase section */

/* Begin PBXSourcesBuildPhase section */
		45B540E22885EBCE00DF6801 /* Sources */ = {
			isa = PBXSourcesBuildPhase;
			buildActionMask = 2147483647;
			files = (
				45D2A71E2888794700F178DA /* Endpoint.swift in Sources */,
				456BA360288B5F68006AE9A4 /* StrokeAnimation.swift in Sources */,
				45D2A72928888B0A00F178DA /* FetchItemsUseCase.swift in Sources */,
				4591D502288CD1AF00C1B908 /* ImageLoader.swift in Sources */,
				456BA35A288B5F3A006AE9A4 /* ProgressShapeLayer.swift in Sources */,
				45B541242885F87000DF6801 /* Category.swift in Sources */,
				45D2A72028887C8E00F178DA /* APIClient.swift in Sources */,
				45AA7EF2288F6F2A00C41F17 /* ClassifiedAdDetailViewController.swift in Sources */,
				457071D82890B8360033BEB6 /* String+Extension.swift in Sources */,
				45B541222885F85800DF6801 /* ImagesURL.swift in Sources */,
				45BDA8F7288B0C680062CB08 /* Coordinator.swift in Sources */,
				45AA7EEF288F6E7100C41F17 /* Constants.swift in Sources */,
				45B541202885F5F000DF6801 /* ClassifiedAd.swift in Sources */,
				456BA35E288B5F57006AE9A4 /* RotationAnimation.swift in Sources */,
				45BDA8FE288B0D730062CB08 /* ClassifiedAdViewController.swift in Sources */,
				456BA367288B6251006AE9A4 /* LoadingView.swift in Sources */,
				456BA357288B5DED006AE9A4 /* ViewState.swift in Sources */,
				45BDA8F5288B0BA10062CB08 /* ClassifiedAdAPIServiceProtocol.swift in Sources */,
				456BA35C288B5F48006AE9A4 /* ProgressView.swift in Sources */,
				45B540EA2885EBCE00DF6801 /* AppDelegate.swift in Sources */,
				45D2A72728888A5B00F178DA /* ClassifiedAdRepository.swift in Sources */,
				45D2A72B28888B1600F178DA /* FetchCategoryUseCase.swift in Sources */,
				45B540EC2885EBCE00DF6801 /* SceneDelegate.swift in Sources */,
				45BDA903288B0DFC0062CB08 /* ClassifiedAdDataRepository.swift in Sources */,
				4591D4FA288CB71300C1B908 /* CellReusable.swift in Sources */,
				457071DA2890B8E00033BEB6 /* Date+Extension.swift in Sources */,
				45BDA8F9288B0D070062CB08 /* MainCoordinator.swift in Sources */,
				456BA362288B5F78006AE9A4 /* StrokeColorAnimation.swift in Sources */,
				45AA7EED288E9F4700C41F17 /* FilterViewController.swift in Sources */,
				45BDA8FC288B0D650062CB08 /* ClassifiedAdViewModel.swift in Sources */,
				45BDA8F3288B0A2F0062CB08 /* ClassifiedAdEndpoint.swift in Sources */,
				456BA365288B6126006AE9A4 /* UIView+Extension.swift in Sources */,
				4591D4F8288CB28F00C1B908 /* UIColor+Extensions.swift in Sources */,
				45AA7EF4288F6F9200C41F17 /* ClassifiedAdDetailViewModel.swift in Sources */,
				45BDA900288B0D830062CB08 /* ClassifiedAdTableViewCell.swift in Sources */,
			);
			runOnlyForDeploymentPostprocessing = 0;
		};
		45B540F82885EBD100DF6801 /* Sources */ = {
			isa = PBXSourcesBuildPhase;
			buildActionMask = 2147483647;
			files = (
				457071E42890CD780033BEB6 /* ClassifiedAdViewModelTests.swift in Sources */,
				45B541012885EBD100DF6801 /* ClassifiedAdsTests.swift in Sources */,
			);
			runOnlyForDeploymentPostprocessing = 0;
		};
		45B541022885EBD100DF6801 /* Sources */ = {
			isa = PBXSourcesBuildPhase;
			buildActionMask = 2147483647;
			files = (
				45B5410D2885EBD100DF6801 /* ClassifiedAdsUITestsLaunchTests.swift in Sources */,
				45B5410B2885EBD100DF6801 /* ClassifiedAdsUITests.swift in Sources */,
			);
			runOnlyForDeploymentPostprocessing = 0;
		};
/* End PBXSourcesBuildPhase section */

/* Begin PBXTargetDependency section */
		45B540FE2885EBD100DF6801 /* PBXTargetDependency */ = {
			isa = PBXTargetDependency;
			target = 45B540E52885EBCE00DF6801 /* ClassifiedAds */;
			targetProxy = 45B540FD2885EBD100DF6801 /* PBXContainerItemProxy */;
		};
		45B541082885EBD100DF6801 /* PBXTargetDependency */ = {
			isa = PBXTargetDependency;
			target = 45B540E52885EBCE00DF6801 /* ClassifiedAds */;
			targetProxy = 45B541072885EBD100DF6801 /* PBXContainerItemProxy */;
		};
/* End PBXTargetDependency section */

/* Begin PBXVariantGroup section */
		45B540F42885EBD000DF6801 /* LaunchScreen.storyboard */ = {
			isa = PBXVariantGroup;
			children = (
				45B540F52885EBD000DF6801 /* Base */,
			);
			name = LaunchScreen.storyboard;
			sourceTree = "<group>";
		};
/* End PBXVariantGroup section */

/* Begin XCBuildConfiguration section */
		45B5410E2885EBD100DF6801 /* Debug */ = {
			isa = XCBuildConfiguration;
			buildSettings = {
				ALWAYS_SEARCH_USER_PATHS = NO;
				CLANG_ANALYZER_NONNULL = YES;
				CLANG_ANALYZER_NUMBER_OBJECT_CONVERSION = YES_AGGRESSIVE;
				CLANG_CXX_LANGUAGE_STANDARD = "gnu++17";
				CLANG_ENABLE_MODULES = YES;
				CLANG_ENABLE_OBJC_ARC = YES;
				CLANG_ENABLE_OBJC_WEAK = YES;
				CLANG_WARN_BLOCK_CAPTURE_AUTORELEASING = YES;
				CLANG_WARN_BOOL_CONVERSION = YES;
				CLANG_WARN_COMMA = YES;
				CLANG_WARN_CONSTANT_CONVERSION = YES;
				CLANG_WARN_DEPRECATED_OBJC_IMPLEMENTATIONS = YES;
				CLANG_WARN_DIRECT_OBJC_ISA_USAGE = YES_ERROR;
				CLANG_WARN_DOCUMENTATION_COMMENTS = YES;
				CLANG_WARN_EMPTY_BODY = YES;
				CLANG_WARN_ENUM_CONVERSION = YES;
				CLANG_WARN_INFINITE_RECURSION = YES;
				CLANG_WARN_INT_CONVERSION = YES;
				CLANG_WARN_NON_LITERAL_NULL_CONVERSION = YES;
				CLANG_WARN_OBJC_IMPLICIT_RETAIN_SELF = YES;
				CLANG_WARN_OBJC_LITERAL_CONVERSION = YES;
				CLANG_WARN_OBJC_ROOT_CLASS = YES_ERROR;
				CLANG_WARN_QUOTED_INCLUDE_IN_FRAMEWORK_HEADER = YES;
				CLANG_WARN_RANGE_LOOP_ANALYSIS = YES;
				CLANG_WARN_STRICT_PROTOTYPES = YES;
				CLANG_WARN_SUSPICIOUS_MOVE = YES;
				CLANG_WARN_UNGUARDED_AVAILABILITY = YES_AGGRESSIVE;
				CLANG_WARN_UNREACHABLE_CODE = YES;
				CLANG_WARN__DUPLICATE_METHOD_MATCH = YES;
				COPY_PHASE_STRIP = NO;
				DEBUG_INFORMATION_FORMAT = dwarf;
				ENABLE_STRICT_OBJC_MSGSEND = YES;
				ENABLE_TESTABILITY = YES;
				GCC_C_LANGUAGE_STANDARD = gnu11;
				GCC_DYNAMIC_NO_PIC = NO;
				GCC_NO_COMMON_BLOCKS = YES;
				GCC_OPTIMIZATION_LEVEL = 0;
				GCC_PREPROCESSOR_DEFINITIONS = (
					"DEBUG=1",
					"$(inherited)",
				);
				GCC_WARN_64_TO_32_BIT_CONVERSION = YES;
				GCC_WARN_ABOUT_RETURN_TYPE = YES_ERROR;
				GCC_WARN_UNDECLARED_SELECTOR = YES;
				GCC_WARN_UNINITIALIZED_AUTOS = YES_AGGRESSIVE;
				GCC_WARN_UNUSED_FUNCTION = YES;
				GCC_WARN_UNUSED_VARIABLE = YES;
				IPHONEOS_DEPLOYMENT_TARGET = 14.0;
				MTL_ENABLE_DEBUG_INFO = INCLUDE_SOURCE;
				MTL_FAST_MATH = YES;
				ONLY_ACTIVE_ARCH = YES;
				SDKROOT = iphoneos;
				SWIFT_ACTIVE_COMPILATION_CONDITIONS = DEBUG;
				SWIFT_OPTIMIZATION_LEVEL = "-Onone";
			};
			name = Debug;
		};
		45B5410F2885EBD100DF6801 /* Release */ = {
			isa = XCBuildConfiguration;
			buildSettings = {
				ALWAYS_SEARCH_USER_PATHS = NO;
				CLANG_ANALYZER_NONNULL = YES;
				CLANG_ANALYZER_NUMBER_OBJECT_CONVERSION = YES_AGGRESSIVE;
				CLANG_CXX_LANGUAGE_STANDARD = "gnu++17";
				CLANG_ENABLE_MODULES = YES;
				CLANG_ENABLE_OBJC_ARC = YES;
				CLANG_ENABLE_OBJC_WEAK = YES;
				CLANG_WARN_BLOCK_CAPTURE_AUTORELEASING = YES;
				CLANG_WARN_BOOL_CONVERSION = YES;
				CLANG_WARN_COMMA = YES;
				CLANG_WARN_CONSTANT_CONVERSION = YES;
				CLANG_WARN_DEPRECATED_OBJC_IMPLEMENTATIONS = YES;
				CLANG_WARN_DIRECT_OBJC_ISA_USAGE = YES_ERROR;
				CLANG_WARN_DOCUMENTATION_COMMENTS = YES;
				CLANG_WARN_EMPTY_BODY = YES;
				CLANG_WARN_ENUM_CONVERSION = YES;
				CLANG_WARN_INFINITE_RECURSION = YES;
				CLANG_WARN_INT_CONVERSION = YES;
				CLANG_WARN_NON_LITERAL_NULL_CONVERSION = YES;
				CLANG_WARN_OBJC_IMPLICIT_RETAIN_SELF = YES;
				CLANG_WARN_OBJC_LITERAL_CONVERSION = YES;
				CLANG_WARN_OBJC_ROOT_CLASS = YES_ERROR;
				CLANG_WARN_QUOTED_INCLUDE_IN_FRAMEWORK_HEADER = YES;
				CLANG_WARN_RANGE_LOOP_ANALYSIS = YES;
				CLANG_WARN_STRICT_PROTOTYPES = YES;
				CLANG_WARN_SUSPICIOUS_MOVE = YES;
				CLANG_WARN_UNGUARDED_AVAILABILITY = YES_AGGRESSIVE;
				CLANG_WARN_UNREACHABLE_CODE = YES;
				CLANG_WARN__DUPLICATE_METHOD_MATCH = YES;
				COPY_PHASE_STRIP = NO;
				DEBUG_INFORMATION_FORMAT = "dwarf-with-dsym";
				ENABLE_NS_ASSERTIONS = NO;
				ENABLE_STRICT_OBJC_MSGSEND = YES;
				GCC_C_LANGUAGE_STANDARD = gnu11;
				GCC_NO_COMMON_BLOCKS = YES;
				GCC_WARN_64_TO_32_BIT_CONVERSION = YES;
				GCC_WARN_ABOUT_RETURN_TYPE = YES_ERROR;
				GCC_WARN_UNDECLARED_SELECTOR = YES;
				GCC_WARN_UNINITIALIZED_AUTOS = YES_AGGRESSIVE;
				GCC_WARN_UNUSED_FUNCTION = YES;
				GCC_WARN_UNUSED_VARIABLE = YES;
				IPHONEOS_DEPLOYMENT_TARGET = 14.0;
				MTL_ENABLE_DEBUG_INFO = NO;
				MTL_FAST_MATH = YES;
				SDKROOT = iphoneos;
				SWIFT_COMPILATION_MODE = wholemodule;
				SWIFT_OPTIMIZATION_LEVEL = "-O";
				VALIDATE_PRODUCT = YES;
			};
			name = Release;
		};
		45B541112885EBD100DF6801 /* Debug */ = {
			isa = XCBuildConfiguration;
			buildSettings = {
				ASSETCATALOG_COMPILER_APPICON_NAME = AppIcon;
				ASSETCATALOG_COMPILER_GLOBAL_ACCENT_COLOR_NAME = AccentColor;
				CODE_SIGN_STYLE = Automatic;
				CURRENT_PROJECT_VERSION = 1;
				DEVELOPMENT_TEAM = 5TJ6C7QNWW;
				GENERATE_INFOPLIST_FILE = YES;
				INFOPLIST_FILE = ClassifiedAds/Info.plist;
				INFOPLIST_KEY_UIApplicationSupportsIndirectInputEvents = YES;
				INFOPLIST_KEY_UILaunchStoryboardName = LaunchScreen;
				INFOPLIST_KEY_UISupportedInterfaceOrientations_iPad = "UIInterfaceOrientationPortrait UIInterfaceOrientationPortraitUpsideDown UIInterfaceOrientationLandscapeLeft UIInterfaceOrientationLandscapeRight";
				INFOPLIST_KEY_UISupportedInterfaceOrientations_iPhone = "UIInterfaceOrientationPortrait UIInterfaceOrientationLandscapeLeft UIInterfaceOrientationLandscapeRight";
				IPHONEOS_DEPLOYMENT_TARGET = 14.0;
				LD_RUNPATH_SEARCH_PATHS = (
					"$(inherited)",
					"@executable_path/Frameworks",
				);
				MARKETING_VERSION = 1.0;
				PRODUCT_BUNDLE_IDENTIFIER = com.webwag.ClassifiedAds;
				PRODUCT_NAME = "$(TARGET_NAME)";
				SWIFT_EMIT_LOC_STRINGS = YES;
				SWIFT_VERSION = 5.0;
				TARGETED_DEVICE_FAMILY = "1,2";
			};
			name = Debug;
		};
		45B541122885EBD100DF6801 /* Release */ = {
			isa = XCBuildConfiguration;
			buildSettings = {
				ASSETCATALOG_COMPILER_APPICON_NAME = AppIcon;
				ASSETCATALOG_COMPILER_GLOBAL_ACCENT_COLOR_NAME = AccentColor;
				CODE_SIGN_STYLE = Automatic;
				CURRENT_PROJECT_VERSION = 1;
				DEVELOPMENT_TEAM = 5TJ6C7QNWW;
				GENERATE_INFOPLIST_FILE = YES;
				INFOPLIST_FILE = ClassifiedAds/Info.plist;
				INFOPLIST_KEY_UIApplicationSupportsIndirectInputEvents = YES;
				INFOPLIST_KEY_UILaunchStoryboardName = LaunchScreen;
				INFOPLIST_KEY_UISupportedInterfaceOrientations_iPad = "UIInterfaceOrientationPortrait UIInterfaceOrientationPortraitUpsideDown UIInterfaceOrientationLandscapeLeft UIInterfaceOrientationLandscapeRight";
				INFOPLIST_KEY_UISupportedInterfaceOrientations_iPhone = "UIInterfaceOrientationPortrait UIInterfaceOrientationLandscapeLeft UIInterfaceOrientationLandscapeRight";
				IPHONEOS_DEPLOYMENT_TARGET = 14.0;
				LD_RUNPATH_SEARCH_PATHS = (
					"$(inherited)",
					"@executable_path/Frameworks",
				);
				MARKETING_VERSION = 1.0;
				PRODUCT_BUNDLE_IDENTIFIER = com.webwag.ClassifiedAds;
				PRODUCT_NAME = "$(TARGET_NAME)";
				SWIFT_EMIT_LOC_STRINGS = YES;
				SWIFT_VERSION = 5.0;
				TARGETED_DEVICE_FAMILY = "1,2";
			};
			name = Release;
		};
		45B541142885EBD100DF6801 /* Debug */ = {
			isa = XCBuildConfiguration;
			buildSettings = {
				ALWAYS_EMBED_SWIFT_STANDARD_LIBRARIES = YES;
				BUNDLE_LOADER = "$(TEST_HOST)";
				CODE_SIGN_STYLE = Automatic;
				CURRENT_PROJECT_VERSION = 1;
				DEVELOPMENT_TEAM = 5TJ6C7QNWW;
				GENERATE_INFOPLIST_FILE = YES;
				IPHONEOS_DEPLOYMENT_TARGET = 14.0;
				MARKETING_VERSION = 1.0;
				PRODUCT_BUNDLE_IDENTIFIER = com.webwag.ClassifiedAdsTests;
				PRODUCT_NAME = "$(TARGET_NAME)";
				SWIFT_EMIT_LOC_STRINGS = NO;
				SWIFT_VERSION = 5.0;
				TARGETED_DEVICE_FAMILY = "1,2";
				TEST_HOST = "$(BUILT_PRODUCTS_DIR)/ClassifiedAds.app/ClassifiedAds";
			};
			name = Debug;
		};
		45B541152885EBD100DF6801 /* Release */ = {
			isa = XCBuildConfiguration;
			buildSettings = {
				ALWAYS_EMBED_SWIFT_STANDARD_LIBRARIES = YES;
				BUNDLE_LOADER = "$(TEST_HOST)";
				CODE_SIGN_STYLE = Automatic;
				CURRENT_PROJECT_VERSION = 1;
				DEVELOPMENT_TEAM = 5TJ6C7QNWW;
				GENERATE_INFOPLIST_FILE = YES;
				IPHONEOS_DEPLOYMENT_TARGET = 14.0;
				MARKETING_VERSION = 1.0;
				PRODUCT_BUNDLE_IDENTIFIER = com.webwag.ClassifiedAdsTests;
				PRODUCT_NAME = "$(TARGET_NAME)";
				SWIFT_EMIT_LOC_STRINGS = NO;
				SWIFT_VERSION = 5.0;
				TARGETED_DEVICE_FAMILY = "1,2";
				TEST_HOST = "$(BUILT_PRODUCTS_DIR)/ClassifiedAds.app/ClassifiedAds";
			};
			name = Release;
		};
		45B541172885EBD100DF6801 /* Debug */ = {
			isa = XCBuildConfiguration;
			buildSettings = {
				ALWAYS_EMBED_SWIFT_STANDARD_LIBRARIES = YES;
				CODE_SIGN_STYLE = Automatic;
				CURRENT_PROJECT_VERSION = 1;
				DEVELOPMENT_TEAM = 5TJ6C7QNWW;
				GENERATE_INFOPLIST_FILE = YES;
				MARKETING_VERSION = 1.0;
				PRODUCT_BUNDLE_IDENTIFIER = com.webwag.ClassifiedAdsUITests;
				PRODUCT_NAME = "$(TARGET_NAME)";
				SWIFT_EMIT_LOC_STRINGS = NO;
				SWIFT_VERSION = 5.0;
				TARGETED_DEVICE_FAMILY = "1,2";
				TEST_TARGET_NAME = ClassifiedAds;
			};
			name = Debug;
		};
		45B541182885EBD100DF6801 /* Release */ = {
			isa = XCBuildConfiguration;
			buildSettings = {
				ALWAYS_EMBED_SWIFT_STANDARD_LIBRARIES = YES;
				CODE_SIGN_STYLE = Automatic;
				CURRENT_PROJECT_VERSION = 1;
				DEVELOPMENT_TEAM = 5TJ6C7QNWW;
				GENERATE_INFOPLIST_FILE = YES;
				MARKETING_VERSION = 1.0;
				PRODUCT_BUNDLE_IDENTIFIER = com.webwag.ClassifiedAdsUITests;
				PRODUCT_NAME = "$(TARGET_NAME)";
				SWIFT_EMIT_LOC_STRINGS = NO;
				SWIFT_VERSION = 5.0;
				TARGETED_DEVICE_FAMILY = "1,2";
				TEST_TARGET_NAME = ClassifiedAds;
			};
			name = Release;
		};
/* End XCBuildConfiguration section */

/* Begin XCConfigurationList section */
		45B540E12885EBCE00DF6801 /* Build configuration list for PBXProject "ClassifiedAds" */ = {
			isa = XCConfigurationList;
			buildConfigurations = (
				45B5410E2885EBD100DF6801 /* Debug */,
				45B5410F2885EBD100DF6801 /* Release */,
			);
			defaultConfigurationIsVisible = 0;
			defaultConfigurationName = Release;
		};
		45B541102885EBD100DF6801 /* Build configuration list for PBXNativeTarget "ClassifiedAds" */ = {
			isa = XCConfigurationList;
			buildConfigurations = (
				45B541112885EBD100DF6801 /* Debug */,
				45B541122885EBD100DF6801 /* Release */,
			);
			defaultConfigurationIsVisible = 0;
			defaultConfigurationName = Release;
		};
		45B541132885EBD100DF6801 /* Build configuration list for PBXNativeTarget "ClassifiedAdsTests" */ = {
			isa = XCConfigurationList;
			buildConfigurations = (
				45B541142885EBD100DF6801 /* Debug */,
				45B541152885EBD100DF6801 /* Release */,
			);
			defaultConfigurationIsVisible = 0;
			defaultConfigurationName = Release;
		};
		45B541162885EBD100DF6801 /* Build configuration list for PBXNativeTarget "ClassifiedAdsUITests" */ = {
			isa = XCConfigurationList;
			buildConfigurations = (
				45B541172885EBD100DF6801 /* Debug */,
				45B541182885EBD100DF6801 /* Release */,
			);
			defaultConfigurationIsVisible = 0;
			defaultConfigurationName = Release;
		};
/* End XCConfigurationList section */
	};
	rootObject = 45B540DE2885EBCE00DF6801 /* Project object */;
}
